
Microsoft Visual Studio Solution File, Format Version 12.00
# Visual Studio Version 17
VisualStudioVersion = 17.5.002.0
MinimumVisualStudioVersion = 10.0.40219.1
Project("{9A19103F-16F7-4668-BE54-9A1E7A4F7556}") = "project-design-rules", "project-design-rules.csproj", "{3DCCB039-06C6-4A80-A0FB-E3E1F2A94A5F}"
EndProject
Global
	GlobalSection(SolutionConfigurationPlatforms) = preSolution
		Debug|Any CPU = Debug|Any CPU
		Release|Any CPU = Release|Any CPU
	EndGlobalSection
	GlobalSection(ProjectConfigurationPlatforms) = postSolution
		{3DCCB039-06C6-4A80-A0FB-E3E1F2A94A5F}.Debug|Any CPU.ActiveCfg = Debug|Any CPU
		{3DCCB039-06C6-4A80-A0FB-E3E1F2A94A5F}.Debug|Any CPU.Build.0 = Debug|Any CPU
		{3DCCB039-06C6-4A80-A0FB-E3E1F2A94A5F}.Release|Any CPU.ActiveCfg = Release|Any CPU
		{3DCCB039-06C6-4A80-A0FB-E3E1F2A94A5F}.Release|Any CPU.Build.0 = Release|Any CPU
	EndGlobalSection
	GlobalSection(SolutionProperties) = preSolution
		HideSolutionNode = FALSE
	EndGlobalSection
	GlobalSection(ExtensibilityGlobals) = postSolution
		SolutionGuid = {16F8EE5D-7AE0-455F-BF28-025ECE5B0BC7}
	EndGlobalSection
EndGlobal
